
Microsoft Visual Studio Solution File, Format Version 12.00
# Visual Studio Version 17
VisualStudioVersion = 17.5.33530.505
MinimumVisualStudioVersion = 10.0.40219.1
Project("{FAE04EC0-301F-11D3-BF4B-00C04F79EFBC}") = "WebAPI", "WebAPI\WebAPI.csproj", "{5B5E655F-B9F6-48B8-8EB8-AE3EF1077017}"
EndProject
Project("{FAE04EC0-301F-11D3-BF4B-00C04F79EFBC}") = "Business", "Business\Business.csproj", "{18FE3C30-6DDD-49DE-9401-F2F9527A1B93}"
EndProject
Project("{FAE04EC0-301F-11D3-BF4B-00C04F79EFBC}") = "DataAccess", "DataAccess\DataAccess.csproj", "{07FA2084-5A12-456D-A599-D279B9793111}"
EndProject
Project("{FAE04EC0-301F-11D3-BF4B-00C04F79EFBC}") = "Core", "Core\Core.csproj", "{5BEF4290-B567-4DDA-89A5-1D91C2B9AF4B}"
EndProject
Project("{FAE04EC0-301F-11D3-BF4B-00C04F79EFBC}") = "Entities", "Entities\Entities.csproj", "{1D7D03D5-DD9C-409A-B742-85F4373D8288}"
EndProject
Global
	GlobalSection(SolutionConfigurationPlatforms) = preSolution
		Debug|Any CPU = Debug|Any CPU
		Release|Any CPU = Release|Any CPU
	EndGlobalSection
	GlobalSection(ProjectConfigurationPlatforms) = postSolution
		{5B5E655F-B9F6-48B8-8EB8-AE3EF1077017}.Debug|Any CPU.ActiveCfg = Debug|Any CPU
		{5B5E655F-B9F6-48B8-8EB8-AE3EF1077017}.Debug|Any CPU.Build.0 = Debug|Any CPU
		{5B5E655F-B9F6-48B8-8EB8-AE3EF1077017}.Release|Any CPU.ActiveCfg = Release|Any CPU
		{5B5E655F-B9F6-48B8-8EB8-AE3EF1077017}.Release|Any CPU.Build.0 = Release|Any CPU
		{18FE3C30-6DDD-49DE-9401-F2F9527A1B93}.Debug|Any CPU.ActiveCfg = Debug|Any CPU
		{18FE3C30-6DDD-49DE-9401-F2F9527A1B93}.Debug|Any CPU.Build.0 = Debug|Any CPU
		{18FE3C30-6DDD-49DE-9401-F2F9527A1B93}.Release|Any CPU.ActiveCfg = Release|Any CPU
		{18FE3C30-6DDD-49DE-9401-F2F9527A1B93}.Release|Any CPU.Build.0 = Release|Any CPU
		{07FA2084-5A12-456D-A599-D279B9793111}.Debug|Any CPU.ActiveCfg = Debug|Any CPU
		{07FA2084-5A12-456D-A599-D279B9793111}.Debug|Any CPU.Build.0 = Debug|Any CPU
		{07FA2084-5A12-456D-A599-D279B9793111}.Release|Any CPU.ActiveCfg = Release|Any CPU
		{07FA2084-5A12-456D-A599-D279B9793111}.Release|Any CPU.Build.0 = Release|Any CPU
		{5BEF4290-B567-4DDA-89A5-1D91C2B9AF4B}.Debug|Any CPU.ActiveCfg = Debug|Any CPU
		{5BEF4290-B567-4DDA-89A5-1D91C2B9AF4B}.Debug|Any CPU.Build.0 = Debug|Any CPU
		{5BEF4290-B567-4DDA-89A5-1D91C2B9AF4B}.Release|Any CPU.ActiveCfg = Release|Any CPU
		{5BEF4290-B567-4DDA-89A5-1D91C2B9AF4B}.Release|Any CPU.Build.0 = Release|Any CPU
		{1D7D03D5-DD9C-409A-B742-85F4373D8288}.Debug|Any CPU.ActiveCfg = Debug|Any CPU
		{1D7D03D5-DD9C-409A-B742-85F4373D8288}.Debug|Any CPU.Build.0 = Debug|Any CPU
		{1D7D03D5-DD9C-409A-B742-85F4373D8288}.Release|Any CPU.ActiveCfg = Release|Any CPU
		{1D7D03D5-DD9C-409A-B742-85F4373D8288}.Release|Any CPU.Build.0 = Release|Any CPU
	EndGlobalSection
	GlobalSection(SolutionProperties) = preSolution
		HideSolutionNode = FALSE
	EndGlobalSection
	GlobalSection(ExtensibilityGlobals) = postSolution
		SolutionGuid = {8E0679BD-9CEC-4D9B-95B3-56D69776A094}
	EndGlobalSection
EndGlobal
